// !$*UTF8*$!
{
	archiveVersion = 1;
	classes = {
	};
	objectVersion = 56;
	objects = {

/* Begin PBXBuildFile section */
		03735061302E817E6429A860 /* Pods_Picker.framework in Frameworks */ = {isa = PBXBuildFile; fileRef = 71B1C1F8DB4453FEBFA49933 /* Pods_Picker.framework */; };
		F132336529F5CB3900EB06E3 /* CustomButton.swift in Sources */ = {isa = PBXBuildFile; fileRef = F132336429F5CB3900EB06E3 /* CustomButton.swift */; };
		F1A9979D29D200AD00134916 /* AppDelegate.swift in Sources */ = {isa = PBXBuildFile; fileRef = F1A9979C29D200AD00134916 /* AppDelegate.swift */; };
		F1A9979F29D200AD00134916 /* SceneDelegate.swift in Sources */ = {isa = PBXBuildFile; fileRef = F1A9979E29D200AD00134916 /* SceneDelegate.swift */; };
		F1A997A129D200AD00134916 /* ViewController.swift in Sources */ = {isa = PBXBuildFile; fileRef = F1A997A029D200AD00134916 /* ViewController.swift */; };
		F1A997A429D200AD00134916 /* Main.storyboard in Resources */ = {isa = PBXBuildFile; fileRef = F1A997A229D200AD00134916 /* Main.storyboard */; };
		F1A997A629D200AD00134916 /* Assets.xcassets in Resources */ = {isa = PBXBuildFile; fileRef = F1A997A529D200AD00134916 /* Assets.xcassets */; };
		F1A997A929D200AD00134916 /* LaunchScreen.storyboard in Resources */ = {isa = PBXBuildFile; fileRef = F1A997A729D200AD00134916 /* LaunchScreen.storyboard */; };
		F1A997B129D4A7CD00134916 /* ViewController2.swift in Sources */ = {isa = PBXBuildFile; fileRef = F1A997B029D4A7CD00134916 /* ViewController2.swift */; };
		F1A997B329D4A7EB00134916 /* ViewController3.swift in Sources */ = {isa = PBXBuildFile; fileRef = F1A997B229D4A7EB00134916 /* ViewController3.swift */; };
/* End PBXBuildFile section */

/* Begin PBXFileReference section */
		5DDAA9EC87347D10541C2742 /* Pods-Picker.debug.xcconfig */ = {isa = PBXFileReference; includeInIndex = 1; lastKnownFileType = text.xcconfig; name = "Pods-Picker.debug.xcconfig"; path = "Target Support Files/Pods-Picker/Pods-Picker.debug.xcconfig"; sourceTree = "<group>"; };
		71B1C1F8DB4453FEBFA49933 /* Pods_Picker.framework */ = {isa = PBXFileReference; explicitFileType = wrapper.framework; includeInIndex = 0; path = Pods_Picker.framework; sourceTree = BUILT_PRODUCTS_DIR; };
		E7A3E8C33F2B9B8D702E9C58 /* Pods-Picker.release.xcconfig */ = {isa = PBXFileReference; includeInIndex = 1; lastKnownFileType = text.xcconfig; name = "Pods-Picker.release.xcconfig"; path = "Target Support Files/Pods-Picker/Pods-Picker.release.xcconfig"; sourceTree = "<group>"; };
		F132336429F5CB3900EB06E3 /* CustomButton.swift */ = {isa = PBXFileReference; lastKnownFileType = sourcecode.swift; path = CustomButton.swift; sourceTree = "<group>"; };
		F1A9979929D200AD00134916 /* Picker.app */ = {isa = PBXFileReference; explicitFileType = wrapper.application; includeInIndex = 0; path = Picker.app; sourceTree = BUILT_PRODUCTS_DIR; };
		F1A9979C29D200AD00134916 /* AppDelegate.swift */ = {isa = PBXFileReference; lastKnownFileType = sourcecode.swift; path = AppDelegate.swift; sourceTree = "<group>"; };
		F1A9979E29D200AD00134916 /* SceneDelegate.swift */ = {isa = PBXFileReference; lastKnownFileType = sourcecode.swift; path = SceneDelegate.swift; sourceTree = "<group>"; };
		F1A997A029D200AD00134916 /* ViewController.swift */ = {isa = PBXFileReference; lastKnownFileType = sourcecode.swift; path = ViewController.swift; sourceTree = "<group>"; };
		F1A997A329D200AD00134916 /* Base */ = {isa = PBXFileReference; lastKnownFileType = file.storyboard; name = Base; path = Base.lproj/Main.storyboard; sourceTree = "<group>"; };
		F1A997A529D200AD00134916 /* Assets.xcassets */ = {isa = PBXFileReference; lastKnownFileType = folder.assetcatalog; path = Assets.xcassets; sourceTree = "<group>"; };
		F1A997A829D200AD00134916 /* Base */ = {isa = PBXFileReference; lastKnownFileType = file.storyboard; name = Base; path = Base.lproj/LaunchScreen.storyboard; sourceTree = "<group>"; };
		F1A997AA29D200AD00134916 /* Info.plist */ = {isa = PBXFileReference; lastKnownFileType = text.plist.xml; path = Info.plist; sourceTree = "<group>"; };
		F1A997B029D4A7CD00134916 /* ViewController2.swift */ = {isa = PBXFileReference; fileEncoding = 4; lastKnownFileType = sourcecode.swift; name = ViewController2.swift; path = Picker/ViewControllers/ViewController2.swift; sourceTree = SOURCE_ROOT; };
		F1A997B229D4A7EB00134916 /* ViewController3.swift */ = {isa = PBXFileReference; lastKnownFileType = sourcecode.swift; path = ViewController3.swift; sourceTree = "<group>"; };
/* End PBXFileReference section */

/* Begin PBXFrameworksBuildPhase section */
		F1A9979629D200AD00134916 /* Frameworks */ = {
			isa = PBXFrameworksBuildPhase;
			buildActionMask = 2147483647;
			files = (
				03735061302E817E6429A860 /* Pods_Picker.framework in Frameworks */,
			);
			runOnlyForDeploymentPostprocessing = 0;
		};
/* End PBXFrameworksBuildPhase section */

/* Begin PBXGroup section */
		28FEE8497D6215F9C720AF15 /* Frameworks */ = {
			isa = PBXGroup;
			children = (
				71B1C1F8DB4453FEBFA49933 /* Pods_Picker.framework */,
			);
			name = Frameworks;
			sourceTree = "<group>";
		};
		DDECD2EECD3DF3F5FD9DEBE8 /* Pods */ = {
			isa = PBXGroup;
			children = (
				5DDAA9EC87347D10541C2742 /* Pods-Picker.debug.xcconfig */,
				E7A3E8C33F2B9B8D702E9C58 /* Pods-Picker.release.xcconfig */,
			);
			path = Pods;
			sourceTree = "<group>";
		};
		F1A9979029D200AD00134916 = {
			isa = PBXGroup;
			children = (
				F1A9979B29D200AD00134916 /* Picker */,
				F1A9979A29D200AD00134916 /* Products */,
				DDECD2EECD3DF3F5FD9DEBE8 /* Pods */,
				28FEE8497D6215F9C720AF15 /* Frameworks */,
			);
			sourceTree = "<group>";
		};
		F1A9979A29D200AD00134916 /* Products */ = {
			isa = PBXGroup;
			children = (
				F1A9979929D200AD00134916 /* Picker.app */,
			);
			name = Products;
			sourceTree = "<group>";
		};
		F1A9979B29D200AD00134916 /* Picker */ = {
			isa = PBXGroup;
			children = (
				F1A9979C29D200AD00134916 /* AppDelegate.swift */,
				F1A9979E29D200AD00134916 /* SceneDelegate.swift */,
				F1A997B429D4A7FA00134916 /* ViewControllers */,
				F1A997A229D200AD00134916 /* Main.storyboard */,
				F1A997A529D200AD00134916 /* Assets.xcassets */,
				F1A997A729D200AD00134916 /* LaunchScreen.storyboard */,
				F1A997AA29D200AD00134916 /* Info.plist */,
			);
			path = Picker;
			sourceTree = "<group>";
		};
		F1A997B429D4A7FA00134916 /* ViewControllers */ = {
			isa = PBXGroup;
			children = (
				F1A997A029D200AD00134916 /* ViewController.swift */,
				F1A997B029D4A7CD00134916 /* ViewController2.swift */,
				F1A997B229D4A7EB00134916 /* ViewController3.swift */,
				F132336429F5CB3900EB06E3 /* CustomButton.swift */,
			);
			path = ViewControllers;
			sourceTree = "<group>";
		};
/* End PBXGroup section */

/* Begin PBXNativeTarget section */
		F1A9979829D200AD00134916 /* Picker */ = {
			isa = PBXNativeTarget;
			buildConfigurationList = F1A997AD29D200AD00134916 /* Build configuration list for PBXNativeTarget "Picker" */;
			buildPhases = (
				EA63EA401F27EBD786E8E470 /* [CP] Check Pods Manifest.lock */,
				F1A9979529D200AD00134916 /* Sources */,
				F1A9979629D200AD00134916 /* Frameworks */,
				F1A9979729D200AD00134916 /* Resources */,
				26C82DA1DBAF65477723BE5B /* [CP] Embed Pods Frameworks */,
			);
			buildRules = (
			);
			dependencies = (
			);
			name = Picker;
			productName = Picker;
			productReference = F1A9979929D200AD00134916 /* Picker.app */;
			productType = "com.apple.product-type.application";
		};
/* End PBXNativeTarget section */

/* Begin PBXProject section */
		F1A9979129D200AD00134916 /* Project object */ = {
			isa = PBXProject;
			attributes = {
				BuildIndependentTargetsInParallel = 1;
				LastSwiftUpdateCheck = 1420;
				LastUpgradeCheck = 1420;
				TargetAttributes = {
					F1A9979829D200AD00134916 = {
						CreatedOnToolsVersion = 14.2;
					};
				};
			};
			buildConfigurationList = F1A9979429D200AD00134916 /* Build configuration list for PBXProject "Picker" */;
			compatibilityVersion = "Xcode 14.0";
			developmentRegion = en;
			hasScannedForEncodings = 0;
			knownRegions = (
				en,
				Base,
			);
			mainGroup = F1A9979029D200AD00134916;
			productRefGroup = F1A9979A29D200AD00134916 /* Products */;
			projectDirPath = "";
			projectRoot = "";
			targets = (
				F1A9979829D200AD00134916 /* Picker */,
			);
		};
/* End PBXProject section */

/* Begin PBXResourcesBuildPhase section */
		F1A9979729D200AD00134916 /* Resources */ = {
			isa = PBXResourcesBuildPhase;
			buildActionMask = 2147483647;
			files = (
				F1A997A929D200AD00134916 /* LaunchScreen.storyboard in Resources */,
				F1A997A629D200AD00134916 /* Assets.xcassets in Resources */,
				F1A997A429D200AD00134916 /* Main.storyboard in Resources */,
			);
			runOnlyForDeploymentPostprocessing = 0;
		};
/* End PBXResourcesBuildPhase section */

/* Begin PBXShellScriptBuildPhase section */
		26C82DA1DBAF65477723BE5B /* [CP] Embed Pods Frameworks */ = {
			isa = PBXShellScriptBuildPhase;
			buildActionMask = 2147483647;
			files = (
			);
			inputFileListPaths = (
				"${PODS_ROOT}/Target Support Files/Pods-Picker/Pods-Picker-frameworks-${CONFIGURATION}-input-files.xcfilelist",
			);
			name = "[CP] Embed Pods Frameworks";
			outputFileListPaths = (
				"${PODS_ROOT}/Target Support Files/Pods-Picker/Pods-Picker-frameworks-${CONFIGURATION}-output-files.xcfilelist",
			);
			runOnlyForDeploymentPostprocessing = 0;
			shellPath = /bin/sh;
			shellScript = "\"${PODS_ROOT}/Target Support Files/Pods-Picker/Pods-Picker-frameworks.sh\"\n";
			showEnvVarsInLog = 0;
		};
		EA63EA401F27EBD786E8E470 /* [CP] Check Pods Manifest.lock */ = {
			isa = PBXShellScriptBuildPhase;
			buildActionMask = 2147483647;
			files = (
			);
			inputFileListPaths = (
			);
			inputPaths = (
				"${PODS_PODFILE_DIR_PATH}/Podfile.lock",
				"${PODS_ROOT}/Manifest.lock",
			);
			name = "[CP] Check Pods Manifest.lock";
			outputFileListPaths = (
			);
			outputPaths = (
				"$(DERIVED_FILE_DIR)/Pods-Picker-checkManifestLockResult.txt",
			);
			runOnlyForDeploymentPostprocessing = 0;
			shellPath = /bin/sh;
			shellScript = "diff \"${PODS_PODFILE_DIR_PATH}/Podfile.lock\" \"${PODS_ROOT}/Manifest.lock\" > /dev/null\nif [ $? != 0 ] ; then\n    # print error to STDERR\n    echo \"error: The sandbox is not in sync with the Podfile.lock. Run 'pod install' or update your CocoaPods installation.\" >&2\n    exit 1\nfi\n# This output is used by Xcode 'outputs' to avoid re-running this script phase.\necho \"SUCCESS\" > \"${SCRIPT_OUTPUT_FILE_0}\"\n";
			showEnvVarsInLog = 0;
		};
/* End PBXShellScriptBuildPhase section */

/* Begin PBXSourcesBuildPhase section */
		F1A9979529D200AD00134916 /* Sources */ = {
			isa = PBXSourcesBuildPhase;
			buildActionMask = 2147483647;
			files = (
				F1A997B329D4A7EB00134916 /* ViewController3.swift in Sources */,
				F1A997A129D200AD00134916 /* ViewController.swift in Sources */,
				F132336529F5CB3900EB06E3 /* CustomButton.swift in Sources */,
				F1A997B129D4A7CD00134916 /* ViewController2.swift in Sources */,
				F1A9979D29D200AD00134916 /* AppDelegate.swift in Sources */,
				F1A9979F29D200AD00134916 /* SceneDelegate.swift in Sources */,
			);
			runOnlyForDeploymentPostprocessing = 0;
		};
/* End PBXSourcesBuildPhase section */

/* Begin PBXVariantGroup section */
		F1A997A229D200AD00134916 /* Main.storyboard */ = {
			isa = PBXVariantGroup;
			children = (
				F1A997A329D200AD00134916 /* Base */,
			);
			name = Main.storyboard;
			sourceTree = "<group>";
		};
		F1A997A729D200AD00134916 /* LaunchScreen.storyboard */ = {
			isa = PBXVariantGroup;
			children = (
				F1A997A829D200AD00134916 /* Base */,
			);
			name = LaunchScreen.storyboard;
			sourceTree = "<group>";
		};
/* End PBXVariantGroup section */

/* Begin XCBuildConfiguration section */
		F1A997AB29D200AD00134916 /* Debug */ = {
			isa = XCBuildConfiguration;
			buildSettings = {
				ALWAYS_SEARCH_USER_PATHS = NO;
				CLANG_ANALYZER_NONNULL = YES;
				CLANG_ANALYZER_NUMBER_OBJECT_CONVERSION = YES_AGGRESSIVE;
				CLANG_CXX_LANGUAGE_STANDARD = "gnu++20";
				CLANG_ENABLE_MODULES = YES;
				CLANG_ENABLE_OBJC_ARC = YES;
				CLANG_ENABLE_OBJC_WEAK = YES;
				CLANG_WARN_BLOCK_CAPTURE_AUTORELEASING = YES;
				CLANG_WARN_BOOL_CONVERSION = YES;
				CLANG_WARN_COMMA = YES;
				CLANG_WARN_CONSTANT_CONVERSION = YES;
				CLANG_WARN_DEPRECATED_OBJC_IMPLEMENTATIONS = YES;
				CLANG_WARN_DIRECT_OBJC_ISA_USAGE = YES_ERROR;
				CLANG_WARN_DOCUMENTATION_COMMENTS = YES;
				CLANG_WARN_EMPTY_BODY = YES;
				CLANG_WARN_ENUM_CONVERSION = YES;
				CLANG_WARN_INFINITE_RECURSION = YES;
				CLANG_WARN_INT_CONVERSION = YES;
				CLANG_WARN_NON_LITERAL_NULL_CONVERSION = YES;
				CLANG_WARN_OBJC_IMPLICIT_RETAIN_SELF = YES;
				CLANG_WARN_OBJC_LITERAL_CONVERSION = YES;
				CLANG_WARN_OBJC_ROOT_CLASS = YES_ERROR;
				CLANG_WARN_QUOTED_INCLUDE_IN_FRAMEWORK_HEADER = YES;
				CLANG_WARN_RANGE_LOOP_ANALYSIS = YES;
				CLANG_WARN_STRICT_PROTOTYPES = YES;
				CLANG_WARN_SUSPICIOUS_MOVE = YES;
				CLANG_WARN_UNGUARDED_AVAILABILITY = YES_AGGRESSIVE;
				CLANG_WARN_UNREACHABLE_CODE = YES;
				CLANG_WARN__DUPLICATE_METHOD_MATCH = YES;
				COPY_PHASE_STRIP = NO;
				DEBUG_INFORMATION_FORMAT = dwarf;
				ENABLE_STRICT_OBJC_MSGSEND = YES;
				ENABLE_TESTABILITY = YES;
				GCC_C_LANGUAGE_STANDARD = gnu11;
				GCC_DYNAMIC_NO_PIC = NO;
				GCC_NO_COMMON_BLOCKS = YES;
				GCC_OPTIMIZATION_LEVEL = 0;
				GCC_PREPROCESSOR_DEFINITIONS = (
					"DEBUG=1",
					"$(inherited)",
				);
				GCC_WARN_64_TO_32_BIT_CONVERSION = YES;
				GCC_WARN_ABOUT_RETURN_TYPE = YES_ERROR;
				GCC_WARN_UNDECLARED_SELECTOR = YES;
				GCC_WARN_UNINITIALIZED_AUTOS = YES_AGGRESSIVE;
				GCC_WARN_UNUSED_FUNCTION = YES;
				GCC_WARN_UNUSED_VARIABLE = YES;
				IPHONEOS_DEPLOYMENT_TARGET = 16.2;
				MTL_ENABLE_DEBUG_INFO = INCLUDE_SOURCE;
				MTL_FAST_MATH = YES;
				ONLY_ACTIVE_ARCH = YES;
				SDKROOT = iphoneos;
				SWIFT_ACTIVE_COMPILATION_CONDITIONS = DEBUG;
				SWIFT_OPTIMIZATION_LEVEL = "-Onone";
			};
			name = Debug;
		};
		F1A997AC29D200AD00134916 /* Release */ = {
			isa = XCBuildConfiguration;
			buildSettings = {
				ALWAYS_SEARCH_USER_PATHS = NO;
				CLANG_ANALYZER_NONNULL = YES;
				CLANG_ANALYZER_NUMBER_OBJECT_CONVERSION = YES_AGGRESSIVE;
				CLANG_CXX_LANGUAGE_STANDARD = "gnu++20";
				CLANG_ENABLE_MODULES = YES;
				CLANG_ENABLE_OBJC_ARC = YES;
				CLANG_ENABLE_OBJC_WEAK = YES;
				CLANG_WARN_BLOCK_CAPTURE_AUTORELEASING = YES;
				CLANG_WARN_BOOL_CONVERSION = YES;
				CLANG_WARN_COMMA = YES;
				CLANG_WARN_CONSTANT_CONVERSION = YES;
				CLANG_WARN_DEPRECATED_OBJC_IMPLEMENTATIONS = YES;
				CLANG_WARN_DIRECT_OBJC_ISA_USAGE = YES_ERROR;
				CLANG_WARN_DOCUMENTATION_COMMENTS = YES;
				CLANG_WARN_EMPTY_BODY = YES;
				CLANG_WARN_ENUM_CONVERSION = YES;
				CLANG_WARN_INFINITE_RECURSION = YES;
				CLANG_WARN_INT_CONVERSION = YES;
				CLANG_WARN_NON_LITERAL_NULL_CONVERSION = YES;
				CLANG_WARN_OBJC_IMPLICIT_RETAIN_SELF = YES;
				CLANG_WARN_OBJC_LITERAL_CONVERSION = YES;
				CLANG_WARN_OBJC_ROOT_CLASS = YES_ERROR;
				CLANG_WARN_QUOTED_INCLUDE_IN_FRAMEWORK_HEADER = YES;
				CLANG_WARN_RANGE_LOOP_ANALYSIS = YES;
				CLANG_WARN_STRICT_PROTOTYPES = YES;
				CLANG_WARN_SUSPICIOUS_MOVE = YES;
				CLANG_WARN_UNGUARDED_AVAILABILITY = YES_AGGRESSIVE;
				CLANG_WARN_UNREACHABLE_CODE = YES;
				CLANG_WARN__DUPLICATE_METHOD_MATCH = YES;
				COPY_PHASE_STRIP = NO;
				DEBUG_INFORMATION_FORMAT = "dwarf-with-dsym";
				ENABLE_NS_ASSERTIONS = NO;
				ENABLE_STRICT_OBJC_MSGSEND = YES;
				GCC_C_LANGUAGE_STANDARD = gnu11;
				GCC_NO_COMMON_BLOCKS = YES;
				GCC_WARN_64_TO_32_BIT_CONVERSION = YES;
				GCC_WARN_ABOUT_RETURN_TYPE = YES_ERROR;
				GCC_WARN_UNDECLARED_SELECTOR = YES;
				GCC_WARN_UNINITIALIZED_AUTOS = YES_AGGRESSIVE;
				GCC_WARN_UNUSED_FUNCTION = YES;
				GCC_WARN_UNUSED_VARIABLE = YES;
				IPHONEOS_DEPLOYMENT_TARGET = 16.2;
				MTL_ENABLE_DEBUG_INFO = NO;
				MTL_FAST_MATH = YES;
				SDKROOT = iphoneos;
				SWIFT_COMPILATION_MODE = wholemodule;
				SWIFT_OPTIMIZATION_LEVEL = "-O";
				VALIDATE_PRODUCT = YES;
			};
			name = Release;
		};
		F1A997AE29D200AD00134916 /* Debug */ = {
			isa = XCBuildConfiguration;
			baseConfigurationReference = 5DDAA9EC87347D10541C2742 /* Pods-Picker.debug.xcconfig */;
			buildSettings = {
				ASSETCATALOG_COMPILER_APPICON_NAME = AppIcon;
				ASSETCATALOG_COMPILER_GLOBAL_ACCENT_COLOR_NAME = AccentColor;
				CODE_SIGN_STYLE = Automatic;
				CURRENT_PROJECT_VERSION = 1;
				DEVELOPMENT_TEAM = S384TNP4Y3;
				GENERATE_INFOPLIST_FILE = YES;
				INFOPLIST_FILE = Picker/Info.plist;
				INFOPLIST_KEY_UIApplicationSupportsIndirectInputEvents = YES;
				INFOPLIST_KEY_UILaunchStoryboardName = LaunchScreen;
				INFOPLIST_KEY_UIMainStoryboardFile = Main;
				INFOPLIST_KEY_UISupportedInterfaceOrientations_iPad = "UIInterfaceOrientationPortrait UIInterfaceOrientationPortraitUpsideDown UIInterfaceOrientationLandscapeLeft UIInterfaceOrientationLandscapeRight";
				INFOPLIST_KEY_UISupportedInterfaceOrientations_iPhone = "UIInterfaceOrientationPortrait UIInterfaceOrientationLandscapeLeft UIInterfaceOrientationLandscapeRight";
				LD_RUNPATH_SEARCH_PATHS = (
					"$(inherited)",
					"@executable_path/Frameworks",
				);
				MARKETING_VERSION = 1.0;
				PRODUCT_BUNDLE_IDENTIFIER = com.IgorPachkin.Picker;
				PRODUCT_NAME = "$(TARGET_NAME)";
				SWIFT_EMIT_LOC_STRINGS = YES;
				SWIFT_VERSION = 5.0;
				TARGETED_DEVICE_FAMILY = "1,2";
			};
			name = Debug;
		};
		F1A997AF29D200AD00134916 /* Release */ = {
			isa = XCBuildConfiguration;
			baseConfigurationReference = E7A3E8C33F2B9B8D702E9C58 /* Pods-Picker.release.xcconfig */;
			buildSettings = {
				ASSETCATALOG_COMPILER_APPICON_NAME = AppIcon;
				ASSETCATALOG_COMPILER_GLOBAL_ACCENT_COLOR_NAME = AccentColor;
				CODE_SIGN_STYLE = Automatic;
				CURRENT_PROJECT_VERSION = 1;
				DEVELOPMENT_TEAM = S384TNP4Y3;
				GENERATE_INFOPLIST_FILE = YES;
				INFOPLIST_FILE = Picker/Info.plist;
				INFOPLIST_KEY_UIApplicationSupportsIndirectInputEvents = YES;
				INFOPLIST_KEY_UILaunchStoryboardName = LaunchScreen;
				INFOPLIST_KEY_UIMainStoryboardFile = Main;
				INFOPLIST_KEY_UISupportedInterfaceOrientations_iPad = "UIInterfaceOrientationPortrait UIInterfaceOrientationPortraitUpsideDown UIInterfaceOrientationLandscapeLeft UIInterfaceOrientationLandscapeRight";
				INFOPLIST_KEY_UISupportedInterfaceOrientations_iPhone = "UIInterfaceOrientationPortrait UIInterfaceOrientationLandscapeLeft UIInterfaceOrientationLandscapeRight";
				LD_RUNPATH_SEARCH_PATHS = (
					"$(inherited)",
					"@executable_path/Frameworks",
				);
				MARKETING_VERSION = 1.0;
				PRODUCT_BUNDLE_IDENTIFIER = com.IgorPachkin.Picker;
				PRODUCT_NAME = "$(TARGET_NAME)";
				SWIFT_EMIT_LOC_STRINGS = YES;
				SWIFT_VERSION = 5.0;
				TARGETED_DEVICE_FAMILY = "1,2";
			};
			name = Release;
		};
/* End XCBuildConfiguration section */

/* Begin XCConfigurationList section */
		F1A9979429D200AD00134916 /* Build configuration list for PBXProject "Picker" */ = {
			isa = XCConfigurationList;
			buildConfigurations = (
				F1A997AB29D200AD00134916 /* Debug */,
				F1A997AC29D200AD00134916 /* Release */,
			);
			defaultConfigurationIsVisible = 0;
			defaultConfigurationName = Release;
		};
		F1A997AD29D200AD00134916 /* Build configuration list for PBXNativeTarget "Picker" */ = {
			isa = XCConfigurationList;
			buildConfigurations = (
				F1A997AE29D200AD00134916 /* Debug */,
				F1A997AF29D200AD00134916 /* Release */,
			);
			defaultConfigurationIsVisible = 0;
			defaultConfigurationName = Release;
		};
/* End XCConfigurationList section */
	};
	rootObject = F1A9979129D200AD00134916 /* Project object */;
}
